{
  "version": 1,
  "dependencies": {
    "net10.0-windows7.0": {
      "DalamudPackager": {
        "type": "Direct",
        "requested": "[15.0.0, )",
        "resolved": "15.0.0",
        "contentHash": "411vwC8/X8Z/sQ2TI6v3SvOn66xFPeOjFn3Zn+h0d3Ox2t1kFm66AhDvmx/qcMwVrR+Hidxj0dadpQ2dgyXMBQ=="
      },
      "ECommons": {
        "type": "Direct",
        "requested": "[3.2.0.6, )",
        "resolved": "3.2.0.6",
        "contentHash": "ZONTpNsOLTlX0OPhBU/mHK9EWqmxgc2ZPwZtmV0rucsNyARXjeNsaGC9bcumGPBVpICTQBqeg4V1iew3OdmGYQ=="
      }
    }
  }
}