{
  "version": 1,
  "dependencies": {
    "net10.0-windows7.0": {
      "DalamudPackager": {
        "type": "Direct",
        "requested": "[15.0.0, )",
        "resolved": "15.0.0",
        "contentHash": "411vwC8/X8Z/sQ2TI6v3SvOn66xFPeOjFn3Zn+h0d3Ox2t1kFm66AhDvmx/qcMwVrR+Hidxj0dadpQ2dgyXMBQ=="
      },
      "DotNet.ReproducibleBuilds": {
        "type": "Direct",
        "requested": "[1.2.39, )",
        "resolved": "1.2.39",
        "contentHash": "fcFN01tDTIQqDuTwr1jUQK/geofiwjG5DycJQOnC72i1SsLAk1ELe+apBOuZ11UMQG8YKFZG1FgvjZPbqHyatg=="
      },
      "ECommons": {
        "type": "Direct",
        "requested": "[3.2.0.2, )",
        "resolved": "3.2.0.2",
        "contentHash": "inrqsG7HOuF4UC9jXYPdy1HEIjQqSAbOogyN6xcXvbLXCsjy3VRqQVR5PrLAoxt+GlSVu+qpsdo9KyUI/yPFIA=="
      },
      "TerraFX.Interop.Windows": {
        "type": "Direct",
        "requested": "[10.0.26100.6, )",
        "resolved": "10.0.26100.6",
        "contentHash": "QjL9vliSWmscUv6A7bjvsryHjYnY0norqvCNcLXSdEy1VIIzMF6FiS7BuvLTBuGUeN9FY4zJbU65OsHEv7jG9A=="
      }
    }
  }
}